
Microsoft Visual Studio Solution File, Format Version 12.00
# Visual Studio Version 17
VisualStudioVersion = 17.14.36401.2 d17.14
MinimumVisualStudioVersion = 10.0.40219.1
Project("{FAE04EC0-301F-11D3-BF4B-00C04F79EFBC}") = "textgame4.0", "textgame4.0\textgame4.0.csproj", "{61EF94BA-DBC0-4CF1-A865-B9DC5BE10473}"
EndProject
Global
	GlobalSection(SolutionConfigurationPlatforms) = preSolution
		Debug|Any CPU = Debug|Any CPU
		Release|Any CPU = Release|Any CPU
	EndGlobalSection
	GlobalSection(ProjectConfigurationPlatforms) = postSolution
		{61EF94BA-DBC0-4CF1-A865-B9DC5BE10473}.Debug|Any CPU.ActiveCfg = Debug|Any CPU
		{61EF94BA-DBC0-4CF1-A865-B9DC5BE10473}.Debug|Any CPU.Build.0 = Debug|Any CPU
		{61EF94BA-DBC0-4CF1-A865-B9DC5BE10473}.Release|Any CPU.ActiveCfg = Release|Any CPU
		{61EF94BA-DBC0-4CF1-A865-B9DC5BE10473}.Release|Any CPU.Build.0 = Release|Any CPU
	EndGlobalSection
	GlobalSection(SolutionProperties) = preSolution
		HideSolutionNode = FALSE
	EndGlobalSection
	GlobalSection(ExtensibilityGlobals) = postSolution
		SolutionGuid = {E5A4E79F-91B7-4297-9DE2-A28DB1B53D40}
	EndGlobalSection
EndGlobal
